{
    "_readme": [
        "This file locks the dependencies of your project to a known state",
        "Read more about it at https://getcomposer.org/doc/01-basic-usage.md#installing-dependencies",
        "This file is @generated automatically"
    ],
    "content-hash": "f76dd826b4e4c98f73abe92e579634cb",
    "packages": [
        {
            "name": "acf/advanced-custom-fields-pro",
            "version": "v5.6.10",
            "source": {
                "type": "git",
                "url": "ssh://bitbucket.org/tgifareastteam/advanced-custom-fields-pro.git",
                "reference": "9e85b260c0e31a68d05a9622f96f07b45cdddb4f"
            },
            "require": {
                "composer/installers": "^1.0"
            },
            "type": "wordpress-plugin",
            "license": [
                "GPL-3.0+"
            ],
            "description": "WP plugin - Advanced Custom Fields PRO",
            "time": "2018-06-01T06:28:04+00:00"
        },
        {
            "name": "amzn/login-with-amazon",
            "version": "v1.0.0.1",
            "source": {
                "type": "git",
                "url": "ssh://bitbucket.org/tgifareastteam/login-with-amazon.git",
                "reference": "3edff111a15f18713d04d2ab09dd31f01baf8c66"
            },
            "require": {
                "composer/installers": "^1.0"
            },
            "type": "wordpress-plugin",
            "license": [
                "GPL-3.0+"
            ],
            "description": "WP plugin - Login With Amazon",
            "time": "2018-06-27T07:10:54+00:00"
        },
        {
            "name": "composer/installers",
            "version": "v1.6.0",
            "source": {
                "type": "git",
                "url": "https://github.com/composer/installers.git",
                "reference": "cfcca6b1b60bc4974324efb5783c13dca6932b5b"
            },
            "dist": {
                "type": "zip",
                "url": "https://api.github.com/repos/composer/installers/zipball/cfcca6b1b60bc4974324efb5783c13dca6932b5b",
                "reference": "cfcca6b1b60bc4974324efb5783c13dca6932b5b",
                "shasum": ""
            },
            "require": {
                "composer-plugin-api": "^1.0"
            },
            "replace": {
                "roundcube/plugin-installer": "*",
                "shama/baton": "*"
            },
            "require-dev": {
                "composer/composer": "1.0.*@dev",
                "phpunit/phpunit": "^4.8.36"
            },
            "type": "composer-plugin",
            "extra": {
                "class": "Composer\\Installers\\Plugin",
                "branch-alias": {
                    "dev-master": "1.0-dev"
                }
            },
            "autoload": {
                "psr-4": {
                    "Composer\\Installers\\": "src/Composer/Installers"
                }
            },
            "notification-url": "https://packagist.org/downloads/",
            "license": [
                "MIT"
            ],
            "authors": [
                {
                    "name": "Kyle Robinson Young",
                    "email": "kyle@dontkry.com",
                    "homepage": "https://github.com/shama"
                }
            ],
            "description": "A multi-framework Composer library installer",
            "homepage": "https://composer.github.io/installers/",
            "keywords": [
                "Craft",
                "Dolibarr",
                "Eliasis",
                "Hurad",
                "ImageCMS",
                "Kanboard",
                "Lan Management System",
                "MODX Evo",
                "Mautic",
                "Maya",
                "OXID",
                "Plentymarkets",
                "Porto",
                "RadPHP",
                "SMF",
                "Thelia",
                "WolfCMS",
                "agl",
                "aimeos",
                "annotatecms",
                "attogram",
                "bitrix",
                "cakephp",
                "chef",
                "cockpit",
                "codeigniter",
                "concrete5",
                "croogo",
                "dokuwiki",
                "drupal",
                "eZ Platform",
                "elgg",
                "expressionengine",
                "fuelphp",
                "grav",
                "installer",
                "itop",
                "joomla",
                "kohana",
                "laravel",
                "lavalite",
                "lithium",
                "magento",
                "majima",
                "mako",
                "mediawiki",
                "modulework",
                "modx",
                "moodle",
                "osclass",
                "phpbb",
                "piwik",
                "ppi",
                "puppet",
                "pxcms",
                "reindex",
                "roundcube",
                "shopware",
                "silverstripe",
                "sydes",
                "symfony",
                "typo3",
                "wordpress",
                "yawik",
                "zend",
                "zikula"
            ],
            "time": "2018-08-27T06:10:37+00:00"
        },
<<<<<<< HEAD
        
=======
>>>>>>> ff0053bd3e9e327d7033aea3b1c3040872a092b6
        {
            "name": "themenectar/js_composer_salient",
            "version": "v5.4.7",
            "source": {
                "type": "git",
                "url": "ssh://bitbucket.org/tgifareastteam/salient-visual-composer.git",
                "reference": "24ecb12ad4b018f2e034f6397c7ef6244c89f6cd"
            },
            "require": {
                "composer/installers": "^1.0",
                "themenectar/salient": ">1.0"
            },
            "type": "wordpress-plugin",
            "license": [
                "GPL-3.0+"
            ],
            "description": "WP plugin - Salient Visual Composer",
            "time": "2018-05-14T07:46:55+00:00"
        },
        {
            "name": "themenectar/salient",
            "version": "v8.5.5",
            "source": {
                "type": "git",
                "url": "ssh://bitbucket.org/tgifareastteam/salient-theme.git",
                "reference": "431fc4c87359bb984175074a0875af0c3bf13710"
            },
            "require": {
                "composer/installers": "^1.0"
            },
            "type": "wordpress-theme",
            "license": [
                "GPL-3.0+"
            ],
            "description": "WP theme - Salient",
            "time": "2018-05-14T04:03:14+00:00"
        },
        {
            "name": "wpackagist-plugin/acf-image-crop-add-on",
            "version": "1.4.12",
            "source": {
                "type": "svn",
                "url": "https://plugins.svn.wordpress.org/acf-image-crop-add-on/",
                "reference": "tags/1.4.12"
            },
            "dist": {
                "type": "zip",
                "url": "https://downloads.wordpress.org/plugin/acf-image-crop-add-on.1.4.12.zip"
            },
            "require": {
                "composer/installers": "~1.0"
            },
            "type": "wordpress-plugin",
            "homepage": "https://wordpress.org/plugins/acf-image-crop-add-on/"
        },
        {
            "name": "wpackagist-plugin/amazon-s3-and-cloudfront",
            "version": "2.1",
            "source": {
                "type": "svn",
                "url": "https://plugins.svn.wordpress.org/amazon-s3-and-cloudfront/",
                "reference": "tags/2.1"
            },
            "dist": {
                "type": "zip",
                "url": "https://downloads.wordpress.org/plugin/amazon-s3-and-cloudfront.2.1.zip"
            },
            "require": {
                "composer/installers": "~1.0"
            },
            "type": "wordpress-plugin",
            "homepage": "https://wordpress.org/plugins/amazon-s3-and-cloudfront/"
        },
        {
            "name": "wpackagist-plugin/codepress-admin-columns",
            "version": "3.4.1",
            "source": {
                "type": "svn",
                "url": "https://plugins.svn.wordpress.org/codepress-admin-columns/",
                "reference": "tags/3.4.1"
            },
            "dist": {
                "type": "zip",
                "url": "https://downloads.wordpress.org/plugin/codepress-admin-columns.3.4.1.zip"
            },
            "require": {
                "composer/installers": "~1.0"
            },
            "type": "wordpress-plugin",
            "homepage": "https://wordpress.org/plugins/codepress-admin-columns/"
        },
        {
            "name": "wpackagist-plugin/contact-form-7",
            "version": "5.1.1",
            "source": {
                "type": "svn",
                "url": "https://plugins.svn.wordpress.org/contact-form-7/",
                "reference": "tags/5.1.1"
            },
            "dist": {
                "type": "zip",
                "url": "https://downloads.wordpress.org/plugin/contact-form-7.5.1.1.zip"
            },
            "require": {
                "composer/installers": "~1.0"
            },
            "type": "wordpress-plugin",
            "homepage": "https://wordpress.org/plugins/contact-form-7/"
        },
        {
            "name": "wpackagist-plugin/duplicate-post",
            "version": "3.2.2",
            "source": {
                "type": "svn",
                "url": "https://plugins.svn.wordpress.org/duplicate-post/",
                "reference": "tags/3.2.2"
            },
            "dist": {
                "type": "zip",
                "url": "https://downloads.wordpress.org/plugin/duplicate-post.3.2.2.zip"
            },
            "require": {
                "composer/installers": "~1.0"
            },
            "type": "wordpress-plugin",
            "homepage": "https://wordpress.org/plugins/duplicate-post/"
        },
        {
            "name": "wpackagist-plugin/miniorange-login-openid",
            "version": "7.1.6",
            "source": {
                "type": "svn",
                "url": "https://plugins.svn.wordpress.org/miniorange-login-openid/",
                "reference": "tags/7.1.6"
            },
            "dist": {
                "type": "zip",
                "url": "https://downloads.wordpress.org/plugin/miniorange-login-openid.7.1.6.zip"
            },
            "require": {
                "composer/installers": "~1.0"
            },
            "type": "wordpress-plugin",
            "homepage": "https://wordpress.org/plugins/miniorange-login-openid/"
        },
        {
            "name": "wpackagist-plugin/nav-menu-roles",
            "version": "1.9.3",
            "source": {
                "type": "svn",
                "url": "https://plugins.svn.wordpress.org/nav-menu-roles/",
                "reference": "tags/1.9.3"
            },
            "dist": {
                "type": "zip",
                "url": "https://downloads.wordpress.org/plugin/nav-menu-roles.1.9.3.zip"
            },
            "require": {
                "composer/installers": "~1.0"
            },
            "type": "wordpress-plugin",
            "homepage": "https://wordpress.org/plugins/nav-menu-roles/"
        },
        {
            "name": "wpackagist-plugin/pb-seo-friendly-images",
            "version": "3.1.0",
            "source": {
                "type": "svn",
                "url": "https://plugins.svn.wordpress.org/pb-seo-friendly-images/",
                "reference": "tags/3.1.0"
            },
            "dist": {
                "type": "zip",
                "url": "https://downloads.wordpress.org/plugin/pb-seo-friendly-images.3.1.0.zip"
            },
            "require": {
                "composer/installers": "~1.0"
            },
            "type": "wordpress-plugin",
            "homepage": "https://wordpress.org/plugins/pb-seo-friendly-images/"
        },
        {
            "name": "wpackagist-plugin/publishpress",
            "version": "1.19.4",
            "source": {
                "type": "svn",
                "url": "https://plugins.svn.wordpress.org/publishpress/",
                "reference": "tags/1.19.4"
            },
            "dist": {
                "type": "zip",
                "url": "https://downloads.wordpress.org/plugin/publishpress.1.19.4.zip"
            },
            "require": {
                "composer/installers": "~1.0"
            },
            "type": "wordpress-plugin",
            "homepage": "https://wordpress.org/plugins/publishpress/"
        },
        {
            "name": "wpackagist-plugin/schema",
            "version": "1.7.5",
            "source": {
                "type": "svn",
                "url": "https://plugins.svn.wordpress.org/schema/",
                "reference": "trunk"
            },
            "dist": {
                "type": "zip",
                "url": "https://downloads.wordpress.org/plugin/schema.zip?timestamp=1552307088"
            },
            "require": {
                "composer/installers": "~1.0"
            },
            "type": "wordpress-plugin",
            "homepage": "https://wordpress.org/plugins/schema/"
        },
        {
            "name": "wpackagist-plugin/site-reviews",
            "version": "3.5.3",
            "source": {
                "type": "svn",
                "url": "https://plugins.svn.wordpress.org/site-reviews/",
                "reference": "tags/3.5.3"
            },
            "dist": {
                "type": "zip",
                "url": "https://downloads.wordpress.org/plugin/site-reviews.3.5.3.zip"
            },
            "require": {
                "composer/installers": "~1.0"
            },
            "type": "wordpress-plugin",
            "homepage": "https://wordpress.org/plugins/site-reviews/"
        },
        {
            "name": "wpackagist-plugin/stops-core-theme-and-plugin-updates",
            "version": "8.0.3",
            "source": {
                "type": "svn",
                "url": "https://plugins.svn.wordpress.org/stops-core-theme-and-plugin-updates/",
                "reference": "tags/8.0.3"
            },
            "dist": {
                "type": "zip",
                "url": "https://downloads.wordpress.org/plugin/stops-core-theme-and-plugin-updates.8.0.3.zip"
            },
            "require": {
                "composer/installers": "~1.0"
            },
            "type": "wordpress-plugin",
            "homepage": "https://wordpress.org/plugins/stops-core-theme-and-plugin-updates/"
        },
        {
            "name": "wpackagist-plugin/svg-support",
            "version": "2.3.15",
            "source": {
                "type": "svn",
                "url": "https://plugins.svn.wordpress.org/svg-support/",
                "reference": "tags/2.3.15"
            },
            "dist": {
                "type": "zip",
                "url": "https://downloads.wordpress.org/plugin/svg-support.2.3.15.zip"
            },
            "require": {
                "composer/installers": "~1.0"
            },
            "type": "wordpress-plugin",
            "homepage": "https://wordpress.org/plugins/svg-support/"
        },
        {
            "name": "wpackagist-plugin/user-role-editor",
            "version": "4.50.1",
            "source": {
                "type": "svn",
                "url": "https://plugins.svn.wordpress.org/user-role-editor/",
                "reference": "tags/4.50.1"
            },
            "dist": {
                "type": "zip",
                "url": "https://downloads.wordpress.org/plugin/user-role-editor.4.50.1.zip"
            },
            "require": {
                "composer/installers": "~1.0"
            },
            "type": "wordpress-plugin",
            "homepage": "https://wordpress.org/plugins/user-role-editor/"
        },
        {
            "name": "wpackagist-plugin/w3-total-cache",
            "version": "0.9.7.3",
            "source": {
                "type": "svn",
                "url": "https://plugins.svn.wordpress.org/w3-total-cache/",
                "reference": "tags/0.9.7.3"
            },
            "dist": {
                "type": "zip",
                "url": "https://downloads.wordpress.org/plugin/w3-total-cache.0.9.7.3.zip"
            },
            "require": {
                "composer/installers": "~1.0"
            },
            "type": "wordpress-plugin",
            "homepage": "https://wordpress.org/plugins/w3-total-cache/"
        },
        {
            "name": "wpackagist-plugin/wck-custom-fields-and-custom-post-types-creator",
            "version": "2.2.4",
            "source": {
                "type": "svn",
                "url": "https://plugins.svn.wordpress.org/wck-custom-fields-and-custom-post-types-creator/",
                "reference": "tags/2.2.4"
            },
            "dist": {
                "type": "zip",
                "url": "https://downloads.wordpress.org/plugin/wck-custom-fields-and-custom-post-types-creator.2.2.4.zip"
            },
            "require": {
                "composer/installers": "~1.0"
            },
            "type": "wordpress-plugin",
            "homepage": "https://wordpress.org/plugins/wck-custom-fields-and-custom-post-types-creator/"
        },
        {
            "name": "wpackagist-plugin/wordfence",
            "version": "7.2.4",
            "source": {
                "type": "svn",
                "url": "https://plugins.svn.wordpress.org/wordfence/",
                "reference": "tags/7.2.4"
            },
            "dist": {
                "type": "zip",
                "url": "https://downloads.wordpress.org/plugin/wordfence.7.2.4.zip"
            },
            "require": {
                "composer/installers": "~1.0"
            },
            "type": "wordpress-plugin",
            "homepage": "https://wordpress.org/plugins/wordfence/"
        },
        {
            "name": "wpackagist-plugin/wordpress-importer",
            "version": "0.6.4",
            "source": {
                "type": "svn",
                "url": "https://plugins.svn.wordpress.org/wordpress-importer/",
                "reference": "tags/0.6.4"
            },
            "dist": {
                "type": "zip",
                "url": "https://downloads.wordpress.org/plugin/wordpress-importer.0.6.4.zip"
            },
            "require": {
                "composer/installers": "~1.0"
            },
            "type": "wordpress-plugin",
            "homepage": "https://wordpress.org/plugins/wordpress-importer/"
        },
        {
            "name": "wpackagist-plugin/wp-cfm",
            "version": "1.5",
            "source": {
                "type": "svn",
                "url": "https://plugins.svn.wordpress.org/wp-cfm/",
                "reference": "trunk"
            },
            "dist": {
                "type": "zip",
                "url": "https://downloads.wordpress.org/plugin/wp-cfm.zip?timestamp=1543344129"
            },
            "require": {
                "composer/installers": "~1.0"
            },
            "type": "wordpress-plugin",
            "homepage": "https://wordpress.org/plugins/wp-cfm/"
        },
        {
            "name": "wpackagist-plugin/wp-migrate-db",
            "version": "1.0.10",
            "source": {
                "type": "svn",
                "url": "https://plugins.svn.wordpress.org/wp-migrate-db/",
                "reference": "tags/1.0.10"
            },
            "dist": {
                "type": "zip",
                "url": "https://downloads.wordpress.org/plugin/wp-migrate-db.1.0.10.zip"
            },
            "require": {
                "composer/installers": "~1.0"
            },
            "type": "wordpress-plugin",
            "homepage": "https://wordpress.org/plugins/wp-migrate-db/"
        },
        {
            "name": "wpackagist-plugin/wp-smushit",
            "version": "2.9.1",
            "source": {
                "type": "svn",
                "url": "https://plugins.svn.wordpress.org/wp-smushit/",
                "reference": "tags/2.9.1"
            },
            "dist": {
                "type": "zip",
                "url": "https://downloads.wordpress.org/plugin/wp-smushit.2.9.1.zip"
            },
            "require": {
                "composer/installers": "~1.0"
            },
            "type": "wordpress-plugin",
            "homepage": "https://wordpress.org/plugins/wp-smushit/"
        },
        {
            "name": "wpackagist-plugin/wp-user-avatar",
            "version": "2.2.0",
            "source": {
                "type": "svn",
                "url": "https://plugins.svn.wordpress.org/wp-user-avatar/",
                "reference": "trunk"
            },
            "dist": {
                "type": "zip",
                "url": "https://downloads.wordpress.org/plugin/wp-user-avatar.zip?timestamp=1552477073"
            },
            "require": {
                "composer/installers": "~1.0"
            },
            "type": "wordpress-plugin",
            "homepage": "https://wordpress.org/plugins/wp-user-avatar/"
        },
        {
            "name": "wpml/acfml",
            "version": "v0.7.0",
            "source": {
                "type": "git",
                "url": "ssh://bitbucket.org/tgifareastteam/wpml-advanced-custom-fields-multilingual.git",
                "reference": "fe9af747c872b32051529c700dcdf7b85041a393"
            },
            "require": {
                "acf/advanced-custom-fields-pro": ">=1.0",
                "composer/installers": "^1.0",
                "wpml/sitepress-multilingual-cms": ">=1.0"
            },
            "type": "wordpress-plugin",
            "license": [
                "GPL-3.0+"
            ],
            "description": "WP plugin - Advanced Custom Fields Multilingual",
            "time": "2018-07-16T06:36:21+00:00"
        },
        {
            "name": "wpml/sitepress-multilingual-cms",
            "version": "v3.9.4.1",
            "source": {
                "type": "git",
                "url": "ssh://bitbucket.org/tgifareastteam/wpml-multilingual-cms.git",
                "reference": "1559662c7e86b0b1f13ab36dea905e9a6a73bd26"
            },
            "require": {
                "composer/installers": "^1.0"
            },
            "type": "wordpress-plugin",
            "license": [
                "GPL-3.0+"
            ],
            "description": "WP plugin - WPML Multilingual CMS",
            "time": "2018-08-29T08:32:38+00:00"
        },
        {
            "name": "wpml/wpml-media-translation",
            "version": "v2.4.0",
            "source": {
                "type": "git",
                "url": "ssh://bitbucket.org/tgifareastteam/wpml-media-translation.git",
                "reference": "b9fe8e85bd760ffdf4fe8ae76974cb51d08b8ac1"
            },
            "require": {
                "composer/installers": "^1.0",
                "wpml/sitepress-multilingual-cms": ">=1.0"
            },
            "type": "wordpress-plugin",
            "license": [
                "GPL-3.0+"
            ],
            "description": "WP plugin - WPML Media Translation",
            "time": "2018-12-10T06:49:12+00:00"
        },
        {
            "name": "wpml/wpml-string-translation",
            "version": "v2.9.0",
            "source": {
                "type": "git",
                "url": "ssh://bitbucket.org/tgifareastteam/wpml-string-translation.git",
                "reference": "c36a6d1dcc246e86d4d0f8d7f98061c913bfef8f"
            },
            "require": {
                "composer/installers": "^1.0",
                "wpml/sitepress-multilingual-cms": ">=1.0"
            },
            "type": "wordpress-plugin",
            "license": [
                "GPL-3.0+"
            ],
            "description": "WP plugin - WPML String Translation",
            "time": "2018-12-10T07:00:41+00:00"
        },
        {
            "name": "wpml/wpml-translation-management",
            "version": "v2.7.0",
            "source": {
                "type": "git",
                "url": "ssh://bitbucket.org/tgifareastteam/wpml-translation-management.git",
                "reference": "3d4eca2d5492939ad0e9b8e75b215dbc54f6920b"
            },
            "require": {
                "composer/installers": "^1.0",
                "wpml/sitepress-multilingual-cms": ">=1.0"
            },
            "type": "wordpress-plugin",
            "license": [
                "GPL-3.0+"
            ],
            "description": "WP plugin - WPML String Translation",
            "time": "2018-12-10T07:15:59+00:00"
        }
    ],
    "packages-dev": [],
    "aliases": [],
    "minimum-stability": "stable",
    "stability-flags": [],
    "prefer-stable": false,
    "prefer-lowest": false,
    "platform": [],
    "platform-dev": []
}
